// !$*UTF8*$!
{
	archiveVersion = 1;
	classes = {
	};
	objectVersion = 55;
	objects = {

/* Begin PBXBuildFile section */
		12AF5B2428342F240020E1DC /* AppDelegate.swift in Sources */ = {isa = PBXBuildFile; fileRef = 12AF5B2328342F240020E1DC /* AppDelegate.swift */; };
		12AF5B2628342F240020E1DC /* SceneDelegate.swift in Sources */ = {isa = PBXBuildFile; fileRef = 12AF5B2528342F240020E1DC /* SceneDelegate.swift */; };
		12AF5B2D28342F260020E1DC /* Assets.xcassets in Resources */ = {isa = PBXBuildFile; fileRef = 12AF5B2C28342F260020E1DC /* Assets.xcassets */; };
		12AF5B3028342F260020E1DC /* LaunchScreen.storyboard in Resources */ = {isa = PBXBuildFile; fileRef = 12AF5B2E28342F260020E1DC /* LaunchScreen.storyboard */; };
		12AF5B3F283430A10020E1DC /* MovieModel.swift in Sources */ = {isa = PBXBuildFile; fileRef = 12AF5B3E283430A10020E1DC /* MovieModel.swift */; };
		12AF5B41283430C50020E1DC /* ImageModel.swift in Sources */ = {isa = PBXBuildFile; fileRef = 12AF5B40283430C50020E1DC /* ImageModel.swift */; };
		12AF5B43283430DE0020E1DC /* MovieDetailsModel.swift in Sources */ = {isa = PBXBuildFile; fileRef = 12AF5B42283430DE0020E1DC /* MovieDetailsModel.swift */; };
		12AF5B452834312F0020E1DC /* APIServices.swift in Sources */ = {isa = PBXBuildFile; fileRef = 12AF5B442834312F0020E1DC /* APIServices.swift */; };
		12AF5B47283431610020E1DC /* UIViewController+Extension.swift in Sources */ = {isa = PBXBuildFile; fileRef = 12AF5B46283431610020E1DC /* UIViewController+Extension.swift */; };
		12AF5B492834318F0020E1DC /* Constants.swift in Sources */ = {isa = PBXBuildFile; fileRef = 12AF5B482834318F0020E1DC /* Constants.swift */; };
		12AF5B4B2834336B0020E1DC /* MoviesListViewModel.swift in Sources */ = {isa = PBXBuildFile; fileRef = 12AF5B4A2834336B0020E1DC /* MoviesListViewModel.swift */; };
		12AF5B4D283433870020E1DC /* MovieDetailsViewModel.swift in Sources */ = {isa = PBXBuildFile; fileRef = 12AF5B4C283433870020E1DC /* MovieDetailsViewModel.swift */; };
		12AF5B4F283434190020E1DC /* MovieTableViewCell.xib in Resources */ = {isa = PBXBuildFile; fileRef = 12AF5B4E283434190020E1DC /* MovieTableViewCell.xib */; };
		12AF5B51283434330020E1DC /* MovieTableViewCell.swift in Sources */ = {isa = PBXBuildFile; fileRef = 12AF5B50283434330020E1DC /* MovieTableViewCell.swift */; };
		12AF5B53283434660020E1DC /* MoviesListViewController.swift in Sources */ = {isa = PBXBuildFile; fileRef = 12AF5B52283434660020E1DC /* MoviesListViewController.swift */; };
		12AF5B55283434930020E1DC /* MovieDetailsViewController.swift in Sources */ = {isa = PBXBuildFile; fileRef = 12AF5B54283434930020E1DC /* MovieDetailsViewController.swift */; };
		12AF5B57283434BA0020E1DC /* Main.storyboard in Resources */ = {isa = PBXBuildFile; fileRef = 12AF5B56283434BA0020E1DC /* Main.storyboard */; };
		5903CB684B7EFAFF9F160628 /* Pods_Trending_Movies.framework in Frameworks */ = {isa = PBXBuildFile; fileRef = 49ACBF0386BEF6F0EE44FEC7 /* Pods_Trending_Movies.framework */; };
/* End PBXBuildFile section */

/* Begin PBXFileReference section */
		12AF5B2028342F240020E1DC /* Trending Movies.app */ = {isa = PBXFileReference; explicitFileType = wrapper.application; includeInIndex = 0; path = "Trending Movies.app"; sourceTree = BUILT_PRODUCTS_DIR; };
		12AF5B2328342F240020E1DC /* AppDelegate.swift */ = {isa = PBXFileReference; lastKnownFileType = sourcecode.swift; path = AppDelegate.swift; sourceTree = "<group>"; };
		12AF5B2528342F240020E1DC /* SceneDelegate.swift */ = {isa = PBXFileReference; lastKnownFileType = sourcecode.swift; path = SceneDelegate.swift; sourceTree = "<group>"; };
		12AF5B2C28342F260020E1DC /* Assets.xcassets */ = {isa = PBXFileReference; lastKnownFileType = folder.assetcatalog; path = Assets.xcassets; sourceTree = "<group>"; };
		12AF5B2F28342F260020E1DC /* Base */ = {isa = PBXFileReference; lastKnownFileType = file.storyboard; name = Base; path = Base.lproj/LaunchScreen.storyboard; sourceTree = "<group>"; };
		12AF5B3128342F260020E1DC /* Info.plist */ = {isa = PBXFileReference; lastKnownFileType = text.plist.xml; path = Info.plist; sourceTree = "<group>"; };
		12AF5B3E283430A10020E1DC /* MovieModel.swift */ = {isa = PBXFileReference; lastKnownFileType = sourcecode.swift; path = MovieModel.swift; sourceTree = "<group>"; };
		12AF5B40283430C50020E1DC /* ImageModel.swift */ = {isa = PBXFileReference; lastKnownFileType = sourcecode.swift; path = ImageModel.swift; sourceTree = "<group>"; };
		12AF5B42283430DE0020E1DC /* MovieDetailsModel.swift */ = {isa = PBXFileReference; lastKnownFileType = sourcecode.swift; path = MovieDetailsModel.swift; sourceTree = "<group>"; };
		12AF5B442834312F0020E1DC /* APIServices.swift */ = {isa = PBXFileReference; lastKnownFileType = sourcecode.swift; path = APIServices.swift; sourceTree = "<group>"; };
		12AF5B46283431610020E1DC /* UIViewController+Extension.swift */ = {isa = PBXFileReference; lastKnownFileType = sourcecode.swift; path = "UIViewController+Extension.swift"; sourceTree = "<group>"; };
		12AF5B482834318F0020E1DC /* Constants.swift */ = {isa = PBXFileReference; lastKnownFileType = sourcecode.swift; path = Constants.swift; sourceTree = "<group>"; };
		12AF5B4A2834336B0020E1DC /* MoviesListViewModel.swift */ = {isa = PBXFileReference; lastKnownFileType = sourcecode.swift; path = MoviesListViewModel.swift; sourceTree = "<group>"; };
		12AF5B4C283433870020E1DC /* MovieDetailsViewModel.swift */ = {isa = PBXFileReference; lastKnownFileType = sourcecode.swift; path = MovieDetailsViewModel.swift; sourceTree = "<group>"; };
		12AF5B4E283434190020E1DC /* MovieTableViewCell.xib */ = {isa = PBXFileReference; fileEncoding = 4; lastKnownFileType = file.xib; path = MovieTableViewCell.xib; sourceTree = "<group>"; };
		12AF5B50283434330020E1DC /* MovieTableViewCell.swift */ = {isa = PBXFileReference; lastKnownFileType = sourcecode.swift; path = MovieTableViewCell.swift; sourceTree = "<group>"; };
		12AF5B52283434660020E1DC /* MoviesListViewController.swift */ = {isa = PBXFileReference; lastKnownFileType = sourcecode.swift; path = MoviesListViewController.swift; sourceTree = "<group>"; };
		12AF5B54283434930020E1DC /* MovieDetailsViewController.swift */ = {isa = PBXFileReference; lastKnownFileType = sourcecode.swift; path = MovieDetailsViewController.swift; sourceTree = "<group>"; };
		12AF5B56283434BA0020E1DC /* Main.storyboard */ = {isa = PBXFileReference; fileEncoding = 4; lastKnownFileType = file.storyboard; path = Main.storyboard; sourceTree = "<group>"; };
		49ACBF0386BEF6F0EE44FEC7 /* Pods_Trending_Movies.framework */ = {isa = PBXFileReference; explicitFileType = wrapper.framework; includeInIndex = 0; path = Pods_Trending_Movies.framework; sourceTree = BUILT_PRODUCTS_DIR; };
		D06EB0D80E46C8631B4EC757 /* Pods-Trending Movies.release.xcconfig */ = {isa = PBXFileReference; includeInIndex = 1; lastKnownFileType = text.xcconfig; name = "Pods-Trending Movies.release.xcconfig"; path = "Target Support Files/Pods-Trending Movies/Pods-Trending Movies.release.xcconfig"; sourceTree = "<group>"; };
		D3FCB9CD708EB483FD18EB70 /* Pods-Trending Movies.debug.xcconfig */ = {isa = PBXFileReference; includeInIndex = 1; lastKnownFileType = text.xcconfig; name = "Pods-Trending Movies.debug.xcconfig"; path = "Target Support Files/Pods-Trending Movies/Pods-Trending Movies.debug.xcconfig"; sourceTree = "<group>"; };
/* End PBXFileReference section */

/* Begin PBXFrameworksBuildPhase section */
		12AF5B1D28342F240020E1DC /* Frameworks */ = {
			isa = PBXFrameworksBuildPhase;
			buildActionMask = 2147483647;
			files = (
				5903CB684B7EFAFF9F160628 /* Pods_Trending_Movies.framework in Frameworks */,
			);
			runOnlyForDeploymentPostprocessing = 0;
		};
/* End PBXFrameworksBuildPhase section */

/* Begin PBXGroup section */
		12AF5B1728342F240020E1DC = {
			isa = PBXGroup;
			children = (
				12AF5B2228342F240020E1DC /* Trending Movies */,
				12AF5B2128342F240020E1DC /* Products */,
				1EC1FAC481533078B72D187B /* Pods */,
				57B4376C29460416C2B2007D /* Frameworks */,
			);
			sourceTree = "<group>";
		};
		12AF5B2128342F240020E1DC /* Products */ = {
			isa = PBXGroup;
			children = (
				12AF5B2028342F240020E1DC /* Trending Movies.app */,
			);
			name = Products;
			sourceTree = "<group>";
		};
		12AF5B2228342F240020E1DC /* Trending Movies */ = {
			isa = PBXGroup;
			children = (
				12AF5B2328342F240020E1DC /* AppDelegate.swift */,
				12AF5B2528342F240020E1DC /* SceneDelegate.swift */,
				12AF5B3928342F710020E1DC /* Model */,
				12AF5B3A28342F7D0020E1DC /* View */,
				12AF5B3D28342FA80020E1DC /* ViewModel */,
				12AF5B3828342F680020E1DC /* APIService */,
				12AF5B3728342F400020E1DC /* Common */,
				12AF5B2C28342F260020E1DC /* Assets.xcassets */,
				12AF5B2E28342F260020E1DC /* LaunchScreen.storyboard */,
				12AF5B3128342F260020E1DC /* Info.plist */,
			);
			path = "Trending Movies";
			sourceTree = "<group>";
		};
		12AF5B3728342F400020E1DC /* Common */ = {
			isa = PBXGroup;
			children = (
				12AF5B46283431610020E1DC /* UIViewController+Extension.swift */,
				12AF5B482834318F0020E1DC /* Constants.swift */,
			);
			path = Common;
			sourceTree = "<group>";
		};
		12AF5B3828342F680020E1DC /* APIService */ = {
			isa = PBXGroup;
			children = (
				12AF5B442834312F0020E1DC /* APIServices.swift */,
			);
			path = APIService;
			sourceTree = "<group>";
		};
		12AF5B3928342F710020E1DC /* Model */ = {
			isa = PBXGroup;
			children = (
				12AF5B3E283430A10020E1DC /* MovieModel.swift */,
				12AF5B40283430C50020E1DC /* ImageModel.swift */,
				12AF5B42283430DE0020E1DC /* MovieDetailsModel.swift */,
			);
			path = Model;
			sourceTree = "<group>";
		};
		12AF5B3A28342F7D0020E1DC /* View */ = {
			isa = PBXGroup;
			children = (
				12AF5B3C28342F960020E1DC /* Storyboard + Controller */,
				12AF5B3B28342F890020E1DC /* Cell */,
			);
			path = View;
			sourceTree = "<group>";
		};
		12AF5B3B28342F890020E1DC /* Cell */ = {
			isa = PBXGroup;
			children = (
				12AF5B4E283434190020E1DC /* MovieTableViewCell.xib */,
				12AF5B50283434330020E1DC /* MovieTableViewCell.swift */,
			);
			path = Cell;
			sourceTree = "<group>";
		};
		12AF5B3C28342F960020E1DC /* Storyboard + Controller */ = {
			isa = PBXGroup;
			children = (
				12AF5B52283434660020E1DC /* MoviesListViewController.swift */,
				12AF5B54283434930020E1DC /* MovieDetailsViewController.swift */,
				12AF5B56283434BA0020E1DC /* Main.storyboard */,
			);
			path = "Storyboard + Controller";
			sourceTree = "<group>";
		};
		12AF5B3D28342FA80020E1DC /* ViewModel */ = {
			isa = PBXGroup;
			children = (
				12AF5B4A2834336B0020E1DC /* MoviesListViewModel.swift */,
				12AF5B4C283433870020E1DC /* MovieDetailsViewModel.swift */,
			);
			path = ViewModel;
			sourceTree = "<group>";
		};
		1EC1FAC481533078B72D187B /* Pods */ = {
			isa = PBXGroup;
			children = (
				D3FCB9CD708EB483FD18EB70 /* Pods-Trending Movies.debug.xcconfig */,
				D06EB0D80E46C8631B4EC757 /* Pods-Trending Movies.release.xcconfig */,
			);
			path = Pods;
			sourceTree = "<group>";
		};
		57B4376C29460416C2B2007D /* Frameworks */ = {
			isa = PBXGroup;
			children = (
				49ACBF0386BEF6F0EE44FEC7 /* Pods_Trending_Movies.framework */,
			);
			name = Frameworks;
			sourceTree = "<group>";
		};
/* End PBXGroup section */

/* Begin PBXNativeTarget section */
		12AF5B1F28342F240020E1DC /* Trending Movies */ = {
			isa = PBXNativeTarget;
			buildConfigurationList = 12AF5B3428342F260020E1DC /* Build configuration list for PBXNativeTarget "Trending Movies" */;
			buildPhases = (
				8F58064093E58DCA8389E72A /* [CP] Check Pods Manifest.lock */,
				12AF5B1C28342F240020E1DC /* Sources */,
				12AF5B1D28342F240020E1DC /* Frameworks */,
				12AF5B1E28342F240020E1DC /* Resources */,
				2C77642679F864F4008EE2AC /* [CP] Embed Pods Frameworks */,
			);
			buildRules = (
			);
			dependencies = (
			);
			name = "Trending Movies";
			productName = "Trending Movies";
			productReference = 12AF5B2028342F240020E1DC /* Trending Movies.app */;
			productType = "com.apple.product-type.application";
		};
/* End PBXNativeTarget section */

/* Begin PBXProject section */
		12AF5B1828342F240020E1DC /* Project object */ = {
			isa = PBXProject;
			attributes = {
				BuildIndependentTargetsInParallel = 1;
				LastSwiftUpdateCheck = 1330;
				LastUpgradeCheck = 1330;
				TargetAttributes = {
					12AF5B1F28342F240020E1DC = {
						CreatedOnToolsVersion = 13.3.1;
					};
				};
			};
			buildConfigurationList = 12AF5B1B28342F240020E1DC /* Build configuration list for PBXProject "Trending Movies" */;
			compatibilityVersion = "Xcode 13.0";
			developmentRegion = en;
			hasScannedForEncodings = 0;
			knownRegions = (
				en,
				Base,
			);
			mainGroup = 12AF5B1728342F240020E1DC;
			productRefGroup = 12AF5B2128342F240020E1DC /* Products */;
			projectDirPath = "";
			projectRoot = "";
			targets = (
				12AF5B1F28342F240020E1DC /* Trending Movies */,
			);
		};
/* End PBXProject section */

/* Begin PBXResourcesBuildPhase section */
		12AF5B1E28342F240020E1DC /* Resources */ = {
			isa = PBXResourcesBuildPhase;
			buildActionMask = 2147483647;
			files = (
				12AF5B3028342F260020E1DC /* LaunchScreen.storyboard in Resources */,
				12AF5B57283434BA0020E1DC /* Main.storyboard in Resources */,
				12AF5B2D28342F260020E1DC /* Assets.xcassets in Resources */,
				12AF5B4F283434190020E1DC /* MovieTableViewCell.xib in Resources */,
			);
			runOnlyForDeploymentPostprocessing = 0;
		};
/* End PBXResourcesBuildPhase section */

/* Begin PBXShellScriptBuildPhase section */
		2C77642679F864F4008EE2AC /* [CP] Embed Pods Frameworks */ = {
			isa = PBXShellScriptBuildPhase;
			buildActionMask = 2147483647;
			files = (
			);
			inputFileListPaths = (
				"${PODS_ROOT}/Target Support Files/Pods-Trending Movies/Pods-Trending Movies-frameworks-${CONFIGURATION}-input-files.xcfilelist",
			);
			name = "[CP] Embed Pods Frameworks";
			outputFileListPaths = (
				"${PODS_ROOT}/Target Support Files/Pods-Trending Movies/Pods-Trending Movies-frameworks-${CONFIGURATION}-output-files.xcfilelist",
			);
			runOnlyForDeploymentPostprocessing = 0;
			shellPath = /bin/sh;
			shellScript = "\"${PODS_ROOT}/Target Support Files/Pods-Trending Movies/Pods-Trending Movies-frameworks.sh\"\n";
			showEnvVarsInLog = 0;
		};
		8F58064093E58DCA8389E72A /* [CP] Check Pods Manifest.lock */ = {
			isa = PBXShellScriptBuildPhase;
			buildActionMask = 2147483647;
			files = (
			);
			inputFileListPaths = (
			);
			inputPaths = (
				"${PODS_PODFILE_DIR_PATH}/Podfile.lock",
				"${PODS_ROOT}/Manifest.lock",
			);
			name = "[CP] Check Pods Manifest.lock";
			outputFileListPaths = (
			);
			outputPaths = (
				"$(DERIVED_FILE_DIR)/Pods-Trending Movies-checkManifestLockResult.txt",
			);
			runOnlyForDeploymentPostprocessing = 0;
			shellPath = /bin/sh;
			shellScript = "diff \"${PODS_PODFILE_DIR_PATH}/Podfile.lock\" \"${PODS_ROOT}/Manifest.lock\" > /dev/null\nif [ $? != 0 ] ; then\n    # print error to STDERR\n    echo \"error: The sandbox is not in sync with the Podfile.lock. Run 'pod install' or update your CocoaPods installation.\" >&2\n    exit 1\nfi\n# This output is used by Xcode 'outputs' to avoid re-running this script phase.\necho \"SUCCESS\" > \"${SCRIPT_OUTPUT_FILE_0}\"\n";
			showEnvVarsInLog = 0;
		};
/* End PBXShellScriptBuildPhase section */

/* Begin PBXSourcesBuildPhase section */
		12AF5B1C28342F240020E1DC /* Sources */ = {
			isa = PBXSourcesBuildPhase;
			buildActionMask = 2147483647;
			files = (
				12AF5B47283431610020E1DC /* UIViewController+Extension.swift in Sources */,
				12AF5B3F283430A10020E1DC /* MovieModel.swift in Sources */,
				12AF5B51283434330020E1DC /* MovieTableViewCell.swift in Sources */,
				12AF5B41283430C50020E1DC /* ImageModel.swift in Sources */,
				12AF5B43283430DE0020E1DC /* MovieDetailsModel.swift in Sources */,
				12AF5B4D283433870020E1DC /* MovieDetailsViewModel.swift in Sources */,
				12AF5B4B2834336B0020E1DC /* MoviesListViewModel.swift in Sources */,
				12AF5B2428342F240020E1DC /* AppDelegate.swift in Sources */,
				12AF5B452834312F0020E1DC /* APIServices.swift in Sources */,
				12AF5B55283434930020E1DC /* MovieDetailsViewController.swift in Sources */,
				12AF5B53283434660020E1DC /* MoviesListViewController.swift in Sources */,
				12AF5B2628342F240020E1DC /* SceneDelegate.swift in Sources */,
				12AF5B492834318F0020E1DC /* Constants.swift in Sources */,
			);
			runOnlyForDeploymentPostprocessing = 0;
		};
/* End PBXSourcesBuildPhase section */

/* Begin PBXVariantGroup section */
		12AF5B2E28342F260020E1DC /* LaunchScreen.storyboard */ = {
			isa = PBXVariantGroup;
			children = (
				12AF5B2F28342F260020E1DC /* Base */,
			);
			name = LaunchScreen.storyboard;
			sourceTree = "<group>";
		};
/* End PBXVariantGroup section */

/* Begin XCBuildConfiguration section */
		12AF5B3228342F260020E1DC /* Debug */ = {
			isa = XCBuildConfiguration;
			buildSettings = {
				ALWAYS_SEARCH_USER_PATHS = NO;
				CLANG_ANALYZER_NONNULL = YES;
				CLANG_ANALYZER_NUMBER_OBJECT_CONVERSION = YES_AGGRESSIVE;
				CLANG_CXX_LANGUAGE_STANDARD = "gnu++17";
				CLANG_ENABLE_MODULES = YES;
				CLANG_ENABLE_OBJC_ARC = YES;
				CLANG_ENABLE_OBJC_WEAK = YES;
				CLANG_WARN_BLOCK_CAPTURE_AUTORELEASING = YES;
				CLANG_WARN_BOOL_CONVERSION = YES;
				CLANG_WARN_COMMA = YES;
				CLANG_WARN_CONSTANT_CONVERSION = YES;
				CLANG_WARN_DEPRECATED_OBJC_IMPLEMENTATIONS = YES;
				CLANG_WARN_DIRECT_OBJC_ISA_USAGE = YES_ERROR;
				CLANG_WARN_DOCUMENTATION_COMMENTS = YES;
				CLANG_WARN_EMPTY_BODY = YES;
				CLANG_WARN_ENUM_CONVERSION = YES;
				CLANG_WARN_INFINITE_RECURSION = YES;
				CLANG_WARN_INT_CONVERSION = YES;
				CLANG_WARN_NON_LITERAL_NULL_CONVERSION = YES;
				CLANG_WARN_OBJC_IMPLICIT_RETAIN_SELF = YES;
				CLANG_WARN_OBJC_LITERAL_CONVERSION = YES;
				CLANG_WARN_OBJC_ROOT_CLASS = YES_ERROR;
				CLANG_WARN_QUOTED_INCLUDE_IN_FRAMEWORK_HEADER = YES;
				CLANG_WARN_RANGE_LOOP_ANALYSIS = YES;
				CLANG_WARN_STRICT_PROTOTYPES = YES;
				CLANG_WARN_SUSPICIOUS_MOVE = YES;
				CLANG_WARN_UNGUARDED_AVAILABILITY = YES_AGGRESSIVE;
				CLANG_WARN_UNREACHABLE_CODE = YES;
				CLANG_WARN__DUPLICATE_METHOD_MATCH = YES;
				COPY_PHASE_STRIP = NO;
				DEBUG_INFORMATION_FORMAT = dwarf;
				ENABLE_STRICT_OBJC_MSGSEND = YES;
				ENABLE_TESTABILITY = YES;
				GCC_C_LANGUAGE_STANDARD = gnu11;
				GCC_DYNAMIC_NO_PIC = NO;
				GCC_NO_COMMON_BLOCKS = YES;
				GCC_OPTIMIZATION_LEVEL = 0;
				GCC_PREPROCESSOR_DEFINITIONS = (
					"DEBUG=1",
					"$(inherited)",
				);
				GCC_WARN_64_TO_32_BIT_CONVERSION = YES;
				GCC_WARN_ABOUT_RETURN_TYPE = YES_ERROR;
				GCC_WARN_UNDECLARED_SELECTOR = YES;
				GCC_WARN_UNINITIALIZED_AUTOS = YES_AGGRESSIVE;
				GCC_WARN_UNUSED_FUNCTION = YES;
				GCC_WARN_UNUSED_VARIABLE = YES;
				IPHONEOS_DEPLOYMENT_TARGET = 15.4;
				MTL_ENABLE_DEBUG_INFO = INCLUDE_SOURCE;
				MTL_FAST_MATH = YES;
				ONLY_ACTIVE_ARCH = YES;
				SDKROOT = iphoneos;
				SWIFT_ACTIVE_COMPILATION_CONDITIONS = DEBUG;
				SWIFT_OPTIMIZATION_LEVEL = "-Onone";
			};
			name = Debug;
		};
		12AF5B3328342F260020E1DC /* Release */ = {
			isa = XCBuildConfiguration;
			buildSettings = {
				ALWAYS_SEARCH_USER_PATHS = NO;
				CLANG_ANALYZER_NONNULL = YES;
				CLANG_ANALYZER_NUMBER_OBJECT_CONVERSION = YES_AGGRESSIVE;
				CLANG_CXX_LANGUAGE_STANDARD = "gnu++17";
				CLANG_ENABLE_MODULES = YES;
				CLANG_ENABLE_OBJC_ARC = YES;
				CLANG_ENABLE_OBJC_WEAK = YES;
				CLANG_WARN_BLOCK_CAPTURE_AUTORELEASING = YES;
				CLANG_WARN_BOOL_CONVERSION = YES;
				CLANG_WARN_COMMA = YES;
				CLANG_WARN_CONSTANT_CONVERSION = YES;
				CLANG_WARN_DEPRECATED_OBJC_IMPLEMENTATIONS = YES;
				CLANG_WARN_DIRECT_OBJC_ISA_USAGE = YES_ERROR;
				CLANG_WARN_DOCUMENTATION_COMMENTS = YES;
				CLANG_WARN_EMPTY_BODY = YES;
				CLANG_WARN_ENUM_CONVERSION = YES;
				CLANG_WARN_INFINITE_RECURSION = YES;
				CLANG_WARN_INT_CONVERSION = YES;
				CLANG_WARN_NON_LITERAL_NULL_CONVERSION = YES;
				CLANG_WARN_OBJC_IMPLICIT_RETAIN_SELF = YES;
				CLANG_WARN_OBJC_LITERAL_CONVERSION = YES;
				CLANG_WARN_OBJC_ROOT_CLASS = YES_ERROR;
				CLANG_WARN_QUOTED_INCLUDE_IN_FRAMEWORK_HEADER = YES;
				CLANG_WARN_RANGE_LOOP_ANALYSIS = YES;
				CLANG_WARN_STRICT_PROTOTYPES = YES;
				CLANG_WARN_SUSPICIOUS_MOVE = YES;
				CLANG_WARN_UNGUARDED_AVAILABILITY = YES_AGGRESSIVE;
				CLANG_WARN_UNREACHABLE_CODE = YES;
				CLANG_WARN__DUPLICATE_METHOD_MATCH = YES;
				COPY_PHASE_STRIP = NO;
				DEBUG_INFORMATION_FORMAT = "dwarf-with-dsym";
				ENABLE_NS_ASSERTIONS = NO;
				ENABLE_STRICT_OBJC_MSGSEND = YES;
				GCC_C_LANGUAGE_STANDARD = gnu11;
				GCC_NO_COMMON_BLOCKS = YES;
				GCC_WARN_64_TO_32_BIT_CONVERSION = YES;
				GCC_WARN_ABOUT_RETURN_TYPE = YES_ERROR;
				GCC_WARN_UNDECLARED_SELECTOR = YES;
				GCC_WARN_UNINITIALIZED_AUTOS = YES_AGGRESSIVE;
				GCC_WARN_UNUSED_FUNCTION = YES;
				GCC_WARN_UNUSED_VARIABLE = YES;
				IPHONEOS_DEPLOYMENT_TARGET = 15.4;
				MTL_ENABLE_DEBUG_INFO = NO;
				MTL_FAST_MATH = YES;
				SDKROOT = iphoneos;
				SWIFT_COMPILATION_MODE = wholemodule;
				SWIFT_OPTIMIZATION_LEVEL = "-O";
				VALIDATE_PRODUCT = YES;
			};
			name = Release;
		};
		12AF5B3528342F260020E1DC /* Debug */ = {
			isa = XCBuildConfiguration;
			baseConfigurationReference = D3FCB9CD708EB483FD18EB70 /* Pods-Trending Movies.debug.xcconfig */;
			buildSettings = {
				ASSETCATALOG_COMPILER_APPICON_NAME = AppIcon;
				ASSETCATALOG_COMPILER_GLOBAL_ACCENT_COLOR_NAME = AccentColor;
				CODE_SIGN_STYLE = Automatic;
				CURRENT_PROJECT_VERSION = 1;
				DEVELOPMENT_TEAM = 52RU3MNZL8;
				GENERATE_INFOPLIST_FILE = YES;
				INFOPLIST_FILE = "Trending Movies/Info.plist";
				INFOPLIST_KEY_UIApplicationSupportsIndirectInputEvents = YES;
				INFOPLIST_KEY_UILaunchStoryboardName = LaunchScreen;
				INFOPLIST_KEY_UIMainStoryboardFile = Main;
				INFOPLIST_KEY_UISupportedInterfaceOrientations_iPad = "UIInterfaceOrientationPortrait UIInterfaceOrientationPortraitUpsideDown UIInterfaceOrientationLandscapeLeft UIInterfaceOrientationLandscapeRight";
				INFOPLIST_KEY_UISupportedInterfaceOrientations_iPhone = "UIInterfaceOrientationPortrait UIInterfaceOrientationLandscapeLeft UIInterfaceOrientationLandscapeRight";
				LD_RUNPATH_SEARCH_PATHS = (
					"$(inherited)",
					"@executable_path/Frameworks",
				);
				MARKETING_VERSION = 1.0;
				PRODUCT_BUNDLE_IDENTIFIER = "Test.Trending-Movies";
				PRODUCT_NAME = "$(TARGET_NAME)";
				SWIFT_EMIT_LOC_STRINGS = YES;
				SWIFT_VERSION = 5.0;
				TARGETED_DEVICE_FAMILY = "1,2";
			};
			name = Debug;
		};
		12AF5B3628342F260020E1DC /* Release */ = {
			isa = XCBuildConfiguration;
			baseConfigurationReference = D06EB0D80E46C8631B4EC757 /* Pods-Trending Movies.release.xcconfig */;
			buildSettings = {
				ASSETCATALOG_COMPILER_APPICON_NAME = AppIcon;
				ASSETCATALOG_COMPILER_GLOBAL_ACCENT_COLOR_NAME = AccentColor;
				CODE_SIGN_STYLE = Automatic;
				CURRENT_PROJECT_VERSION = 1;
				DEVELOPMENT_TEAM = 52RU3MNZL8;
				GENERATE_INFOPLIST_FILE = YES;
				INFOPLIST_FILE = "Trending Movies/Info.plist";
				INFOPLIST_KEY_UIApplicationSupportsIndirectInputEvents = YES;
				INFOPLIST_KEY_UILaunchStoryboardName = LaunchScreen;
				INFOPLIST_KEY_UIMainStoryboardFile = Main;
				INFOPLIST_KEY_UISupportedInterfaceOrientations_iPad = "UIInterfaceOrientationPortrait UIInterfaceOrientationPortraitUpsideDown UIInterfaceOrientationLandscapeLeft UIInterfaceOrientationLandscapeRight";
				INFOPLIST_KEY_UISupportedInterfaceOrientations_iPhone = "UIInterfaceOrientationPortrait UIInterfaceOrientationLandscapeLeft UIInterfaceOrientationLandscapeRight";
				LD_RUNPATH_SEARCH_PATHS = (
					"$(inherited)",
					"@executable_path/Frameworks",
				);
				MARKETING_VERSION = 1.0;
				PRODUCT_BUNDLE_IDENTIFIER = "Test.Trending-Movies";
				PRODUCT_NAME = "$(TARGET_NAME)";
				SWIFT_EMIT_LOC_STRINGS = YES;
				SWIFT_VERSION = 5.0;
				TARGETED_DEVICE_FAMILY = "1,2";
			};
			name = Release;
		};
/* End XCBuildConfiguration section */

/* Begin XCConfigurationList section */
		12AF5B1B28342F240020E1DC /* Build configuration list for PBXProject "Trending Movies" */ = {
			isa = XCConfigurationList;
			buildConfigurations = (
				12AF5B3228342F260020E1DC /* Debug */,
				12AF5B3328342F260020E1DC /* Release */,
			);
			defaultConfigurationIsVisible = 0;
			defaultConfigurationName = Release;
		};
		12AF5B3428342F260020E1DC /* Build configuration list for PBXNativeTarget "Trending Movies" */ = {
			isa = XCConfigurationList;
			buildConfigurations = (
				12AF5B3528342F260020E1DC /* Debug */,
				12AF5B3628342F260020E1DC /* Release */,
			);
			defaultConfigurationIsVisible = 0;
			defaultConfigurationName = Release;
		};
/* End XCConfigurationList section */
	};
	rootObject = 12AF5B1828342F240020E1DC /* Project object */;
}
